
Microsoft Visual Studio Solution File, Format Version 12.00
# Visual Studio Version 17
VisualStudioVersion = 17.3.32922.545
MinimumVisualStudioVersion = 10.0.40219.1
Project("{8BC9CEB8-8B4A-11D0-8D11-00A0C91BC942}") = "CODIGOGUI", "CODIGOGUI\CODIGOGUI.vcxproj", "{A8E2D1C9-5A17-4884-875B-B2F8E405FF6F}"
EndProject
Global
	GlobalSection(SolutionConfigurationPlatforms) = preSolution
		Debug|x64 = Debug|x64
		Debug|x86 = Debug|x86
		Release|x64 = Release|x64
		Release|x86 = Release|x86
	EndGlobalSection
	GlobalSection(ProjectConfigurationPlatforms) = postSolution
		{A8E2D1C9-5A17-4884-875B-B2F8E405FF6F}.Debug|x64.ActiveCfg = Debug|x64
		{A8E2D1C9-5A17-4884-875B-B2F8E405FF6F}.Debug|x64.Build.0 = Debug|x64
		{A8E2D1C9-5A17-4884-875B-B2F8E405FF6F}.Debug|x86.ActiveCfg = Debug|Win32
		{A8E2D1C9-5A17-4884-875B-B2F8E405FF6F}.Debug|x86.Build.0 = Debug|Win32
		{A8E2D1C9-5A17-4884-875B-B2F8E405FF6F}.Release|x64.ActiveCfg = Release|x64
		{A8E2D1C9-5A17-4884-875B-B2F8E405FF6F}.Release|x64.Build.0 = Release|x64
		{A8E2D1C9-5A17-4884-875B-B2F8E405FF6F}.Release|x86.ActiveCfg = Release|Win32
		{A8E2D1C9-5A17-4884-875B-B2F8E405FF6F}.Release|x86.Build.0 = Release|Win32
	EndGlobalSection
	GlobalSection(SolutionProperties) = preSolution
		HideSolutionNode = FALSE
	EndGlobalSection
	GlobalSection(ExtensibilityGlobals) = postSolution
		SolutionGuid = {7B7B9C89-2ED3-43E6-876F-B3568CBBD40D}
	EndGlobalSection
EndGlobal
